
Microsoft Visual Studio Solution File, Format Version 12.00
# Visual Studio 2013
VisualStudioVersion = 12.0.31101.0
MinimumVisualStudioVersion = 10.0.40219.1
Project("{FAE04EC0-301F-11D3-BF4B-00C04F79EFBC}") = "FreeCar.Web", "FreeCar.Web\FreeCar.Web.csproj", "{15D73FFF-4BC4-409D-BDA3-676CFA0B5D9C}"
EndProject
Project("{FAE04EC0-301F-11D3-BF4B-00C04F79EFBC}") = "FreeCar.Client", "FreeCar.Client\FreeCar.Client.csproj", "{A45A8F94-629E-4493-931C-467F8D749FA5}"
EndProject
Project("{FAE04EC0-301F-11D3-BF4B-00C04F79EFBC}") = "FreeCar.Entities", "FreeCar.Entities\FreeCar.Entities.csproj", "{04CE9AF0-A403-404D-8C28-50E4D4136DE4}"
EndProject
Project("{FAE04EC0-301F-11D3-BF4B-00C04F79EFBC}") = "FreeCar.DataAccess", "FreeCar.DataAccess\FreeCar.DataAccess.csproj", "{0AFE96E7-7C2F-4326-A767-9140786A360A}"
EndProject
Global
	GlobalSection(SolutionConfigurationPlatforms) = preSolution
		Debug|Any CPU = Debug|Any CPU
		Release|Any CPU = Release|Any CPU
	EndGlobalSection
	GlobalSection(ProjectConfigurationPlatforms) = postSolution
		{15D73FFF-4BC4-409D-BDA3-676CFA0B5D9C}.Debug|Any CPU.ActiveCfg = Debug|Any CPU
		{15D73FFF-4BC4-409D-BDA3-676CFA0B5D9C}.Debug|Any CPU.Build.0 = Debug|Any CPU
		{15D73FFF-4BC4-409D-BDA3-676CFA0B5D9C}.Release|Any CPU.ActiveCfg = Release|Any CPU
		{15D73FFF-4BC4-409D-BDA3-676CFA0B5D9C}.Release|Any CPU.Build.0 = Release|Any CPU
		{A45A8F94-629E-4493-931C-467F8D749FA5}.Debug|Any CPU.ActiveCfg = Debug|Any CPU
		{A45A8F94-629E-4493-931C-467F8D749FA5}.Debug|Any CPU.Build.0 = Debug|Any CPU
		{A45A8F94-629E-4493-931C-467F8D749FA5}.Release|Any CPU.ActiveCfg = Release|Any CPU
		{A45A8F94-629E-4493-931C-467F8D749FA5}.Release|Any CPU.Build.0 = Release|Any CPU
		{04CE9AF0-A403-404D-8C28-50E4D4136DE4}.Debug|Any CPU.ActiveCfg = Debug|Any CPU
		{04CE9AF0-A403-404D-8C28-50E4D4136DE4}.Debug|Any CPU.Build.0 = Debug|Any CPU
		{04CE9AF0-A403-404D-8C28-50E4D4136DE4}.Release|Any CPU.ActiveCfg = Release|Any CPU
		{04CE9AF0-A403-404D-8C28-50E4D4136DE4}.Release|Any CPU.Build.0 = Release|Any CPU
		{0AFE96E7-7C2F-4326-A767-9140786A360A}.Debug|Any CPU.ActiveCfg = Debug|Any CPU
		{0AFE96E7-7C2F-4326-A767-9140786A360A}.Debug|Any CPU.Build.0 = Debug|Any CPU
		{0AFE96E7-7C2F-4326-A767-9140786A360A}.Release|Any CPU.ActiveCfg = Release|Any CPU
		{0AFE96E7-7C2F-4326-A767-9140786A360A}.Release|Any CPU.Build.0 = Release|Any CPU
	EndGlobalSection
	GlobalSection(SolutionProperties) = preSolution
		HideSolutionNode = FALSE
	EndGlobalSection
EndGlobal
